
Microsoft Visual Studio Solution File, Format Version 12.00
# Visual Studio Version 16
VisualStudioVersion = 16.0.30907.101
MinimumVisualStudioVersion = 10.0.40219.1
Project("{FAE04EC0-301F-11D3-BF4B-00C04F79EFBC}") = "Monstarcatbumbs", "Monstarcatbumbs.csproj", "{4BAE33A4-7BED-42C5-BD7C-E0AF807E5FD4}"
EndProject
Global
	GlobalSection(SolutionConfigurationPlatforms) = preSolution
		Debug|Any CPU = Debug|Any CPU
		Release|Any CPU = Release|Any CPU
	EndGlobalSection
	GlobalSection(ProjectConfigurationPlatforms) = postSolution
		{4BAE33A4-7BED-42C5-BD7C-E0AF807E5FD4}.Debug|Any CPU.ActiveCfg = Debug|Any CPU
		{4BAE33A4-7BED-42C5-BD7C-E0AF807E5FD4}.Debug|Any CPU.Build.0 = Debug|Any CPU
		{4BAE33A4-7BED-42C5-BD7C-E0AF807E5FD4}.Release|Any CPU.ActiveCfg = Release|Any CPU
		{4BAE33A4-7BED-42C5-BD7C-E0AF807E5FD4}.Release|Any CPU.Build.0 = Release|Any CPU
	EndGlobalSection
	GlobalSection(SolutionProperties) = preSolution
		HideSolutionNode = FALSE
	EndGlobalSection
	GlobalSection(ExtensibilityGlobals) = postSolution
		SolutionGuid = {3D56A922-1F51-47A2-B4C2-AE9CDF3CFE0F}
	EndGlobalSection
EndGlobal
